// !$*UTF8*$!
{
	archiveVersion = 1;
	classes = {
	};
	objectVersion = 55;
	objects = {

/* Begin PBXBuildFile section */
		0D6F98DB2805E01400DACF9D /* AppDelegate.swift in Sources */ = {isa = PBXBuildFile; fileRef = 0D6F98DA2805E01400DACF9D /* AppDelegate.swift */; };
		0D6F98DD2805E01400DACF9D /* SceneDelegate.swift in Sources */ = {isa = PBXBuildFile; fileRef = 0D6F98DC2805E01400DACF9D /* SceneDelegate.swift */; };
		0D6F98DF2805E01400DACF9D /* ViewController.swift in Sources */ = {isa = PBXBuildFile; fileRef = 0D6F98DE2805E01400DACF9D /* ViewController.swift */; };
		0D6F98E22805E01400DACF9D /* Main.storyboard in Resources */ = {isa = PBXBuildFile; fileRef = 0D6F98E02805E01400DACF9D /* Main.storyboard */; };
		0D6F98E42805E01400DACF9D /* Assets.xcassets in Resources */ = {isa = PBXBuildFile; fileRef = 0D6F98E32805E01400DACF9D /* Assets.xcassets */; };
		0D6F98E72805E01400DACF9D /* LaunchScreen.storyboard in Resources */ = {isa = PBXBuildFile; fileRef = 0D6F98E52805E01400DACF9D /* LaunchScreen.storyboard */; };
		0D6F98F32808884900DACF9D /* GeneralTableViewController.swift in Sources */ = {isa = PBXBuildFile; fileRef = 0D6F98F22808884900DACF9D /* GeneralTableViewController.swift */; };
		0DA62A0A280F1C3C003F05E4 /* CalendarKit in Frameworks */ = {isa = PBXBuildFile; productRef = 0DA62A09280F1C3C003F05E4 /* CalendarKit */; };
		0DA62A0E280F23B6003F05E4 /* CalendarViewController.swift in Sources */ = {isa = PBXBuildFile; fileRef = 0DA62A0D280F23B6003F05E4 /* CalendarViewController.swift */; };
		0DA62A10280F2503003F05E4 /* FriendsViewController.swift in Sources */ = {isa = PBXBuildFile; fileRef = 0DA62A0F280F2503003F05E4 /* FriendsViewController.swift */; };
/* End PBXBuildFile section */

/* Begin PBXFileReference section */
		0D6F98D72805E01400DACF9D /* appPrototypeFinal.app */ = {isa = PBXFileReference; explicitFileType = wrapper.application; includeInIndex = 0; path = appPrototypeFinal.app; sourceTree = BUILT_PRODUCTS_DIR; };
		0D6F98DA2805E01400DACF9D /* AppDelegate.swift */ = {isa = PBXFileReference; lastKnownFileType = sourcecode.swift; path = AppDelegate.swift; sourceTree = "<group>"; };
		0D6F98DC2805E01400DACF9D /* SceneDelegate.swift */ = {isa = PBXFileReference; lastKnownFileType = sourcecode.swift; path = SceneDelegate.swift; sourceTree = "<group>"; };
		0D6F98DE2805E01400DACF9D /* ViewController.swift */ = {isa = PBXFileReference; lastKnownFileType = sourcecode.swift; path = ViewController.swift; sourceTree = "<group>"; };
		0D6F98E12805E01400DACF9D /* Base */ = {isa = PBXFileReference; lastKnownFileType = file.storyboard; name = Base; path = Base.lproj/Main.storyboard; sourceTree = "<group>"; };
		0D6F98E32805E01400DACF9D /* Assets.xcassets */ = {isa = PBXFileReference; lastKnownFileType = folder.assetcatalog; path = Assets.xcassets; sourceTree = "<group>"; };
		0D6F98E62805E01400DACF9D /* Base */ = {isa = PBXFileReference; lastKnownFileType = file.storyboard; name = Base; path = Base.lproj/LaunchScreen.storyboard; sourceTree = "<group>"; };
		0D6F98E82805E01400DACF9D /* Info.plist */ = {isa = PBXFileReference; lastKnownFileType = text.plist.xml; path = Info.plist; sourceTree = "<group>"; };
		0D6F98F22808884900DACF9D /* GeneralTableViewController.swift */ = {isa = PBXFileReference; lastKnownFileType = sourcecode.swift; path = GeneralTableViewController.swift; sourceTree = "<group>"; };
		0DA62A0D280F23B6003F05E4 /* CalendarViewController.swift */ = {isa = PBXFileReference; lastKnownFileType = sourcecode.swift; path = CalendarViewController.swift; sourceTree = "<group>"; };
		0DA62A0F280F2503003F05E4 /* FriendsViewController.swift */ = {isa = PBXFileReference; lastKnownFileType = sourcecode.swift; path = FriendsViewController.swift; sourceTree = "<group>"; };
/* End PBXFileReference section */

/* Begin PBXFrameworksBuildPhase section */
		0D6F98D42805E01400DACF9D /* Frameworks */ = {
			isa = PBXFrameworksBuildPhase;
			buildActionMask = 2147483647;
			files = (
				0DA62A0A280F1C3C003F05E4 /* CalendarKit in Frameworks */,
			);
			runOnlyForDeploymentPostprocessing = 0;
		};
/* End PBXFrameworksBuildPhase section */

/* Begin PBXGroup section */
		0D6F98CE2805E01400DACF9D = {
			isa = PBXGroup;
			children = (
				0D6F98D92805E01400DACF9D /* appPrototypeFinal */,
				0D6F98D82805E01400DACF9D /* Products */,
			);
			sourceTree = "<group>";
		};
		0D6F98D82805E01400DACF9D /* Products */ = {
			isa = PBXGroup;
			children = (
				0D6F98D72805E01400DACF9D /* appPrototypeFinal.app */,
			);
			name = Products;
			sourceTree = "<group>";
		};
		0D6F98D92805E01400DACF9D /* appPrototypeFinal */ = {
			isa = PBXGroup;
			children = (
				0D6F98DA2805E01400DACF9D /* AppDelegate.swift */,
				0D6F98DC2805E01400DACF9D /* SceneDelegate.swift */,
				0D6F98F22808884900DACF9D /* GeneralTableViewController.swift */,
				0DA62A0D280F23B6003F05E4 /* CalendarViewController.swift */,
				0DA62A0F280F2503003F05E4 /* FriendsViewController.swift */,
				0D6F98DE2805E01400DACF9D /* ViewController.swift */,
				0D6F98E02805E01400DACF9D /* Main.storyboard */,
				0D6F98E32805E01400DACF9D /* Assets.xcassets */,
				0D6F98E52805E01400DACF9D /* LaunchScreen.storyboard */,
				0D6F98E82805E01400DACF9D /* Info.plist */,
			);
			path = appPrototypeFinal;
			sourceTree = "<group>";
		};
/* End PBXGroup section */

/* Begin PBXNativeTarget section */
		0D6F98D62805E01400DACF9D /* appPrototypeFinal */ = {
			isa = PBXNativeTarget;
			buildConfigurationList = 0D6F98EB2805E01400DACF9D /* Build configuration list for PBXNativeTarget "appPrototypeFinal" */;
			buildPhases = (
				0D6F98D32805E01400DACF9D /* Sources */,
				0D6F98D42805E01400DACF9D /* Frameworks */,
				0D6F98D52805E01400DACF9D /* Resources */,
			);
			buildRules = (
			);
			dependencies = (
			);
			name = appPrototypeFinal;
			packageProductDependencies = (
				0DA62A09280F1C3C003F05E4 /* CalendarKit */,
			);
			productName = appPrototypeFinal;
			productReference = 0D6F98D72805E01400DACF9D /* appPrototypeFinal.app */;
			productType = "com.apple.product-type.application";
		};
/* End PBXNativeTarget section */

/* Begin PBXProject section */
		0D6F98CF2805E01400DACF9D /* Project object */ = {
			isa = PBXProject;
			attributes = {
				BuildIndependentTargetsInParallel = 1;
				LastSwiftUpdateCheck = 1330;
				LastUpgradeCheck = 1330;
				TargetAttributes = {
					0D6F98D62805E01400DACF9D = {
						CreatedOnToolsVersion = 13.3;
					};
				};
			};
			buildConfigurationList = 0D6F98D22805E01400DACF9D /* Build configuration list for PBXProject "appPrototypeFinal" */;
			compatibilityVersion = "Xcode 13.0";
			developmentRegion = en;
			hasScannedForEncodings = 0;
			knownRegions = (
				en,
				Base,
			);
			mainGroup = 0D6F98CE2805E01400DACF9D;
			packageReferences = (
				0DA62A08280F1C3C003F05E4 /* XCRemoteSwiftPackageReference "CalendarKit" */,
			);
			productRefGroup = 0D6F98D82805E01400DACF9D /* Products */;
			projectDirPath = "";
			projectRoot = "";
			targets = (
				0D6F98D62805E01400DACF9D /* appPrototypeFinal */,
			);
		};
/* End PBXProject section */

/* Begin PBXResourcesBuildPhase section */
		0D6F98D52805E01400DACF9D /* Resources */ = {
			isa = PBXResourcesBuildPhase;
			buildActionMask = 2147483647;
			files = (
				0D6F98E72805E01400DACF9D /* LaunchScreen.storyboard in Resources */,
				0D6F98E42805E01400DACF9D /* Assets.xcassets in Resources */,
				0D6F98E22805E01400DACF9D /* Main.storyboard in Resources */,
			);
			runOnlyForDeploymentPostprocessing = 0;
		};
/* End PBXResourcesBuildPhase section */

/* Begin PBXSourcesBuildPhase section */
		0D6F98D32805E01400DACF9D /* Sources */ = {
			isa = PBXSourcesBuildPhase;
			buildActionMask = 2147483647;
			files = (
				0DA62A0E280F23B6003F05E4 /* CalendarViewController.swift in Sources */,
				0D6F98F32808884900DACF9D /* GeneralTableViewController.swift in Sources */,
				0D6F98DF2805E01400DACF9D /* ViewController.swift in Sources */,
				0D6F98DB2805E01400DACF9D /* AppDelegate.swift in Sources */,
				0DA62A10280F2503003F05E4 /* FriendsViewController.swift in Sources */,
				0D6F98DD2805E01400DACF9D /* SceneDelegate.swift in Sources */,
			);
			runOnlyForDeploymentPostprocessing = 0;
		};
/* End PBXSourcesBuildPhase section */

/* Begin PBXVariantGroup section */
		0D6F98E02805E01400DACF9D /* Main.storyboard */ = {
			isa = PBXVariantGroup;
			children = (
				0D6F98E12805E01400DACF9D /* Base */,
			);
			name = Main.storyboard;
			sourceTree = "<group>";
		};
		0D6F98E52805E01400DACF9D /* LaunchScreen.storyboard */ = {
			isa = PBXVariantGroup;
			children = (
				0D6F98E62805E01400DACF9D /* Base */,
			);
			name = LaunchScreen.storyboard;
			sourceTree = "<group>";
		};
/* End PBXVariantGroup section */

/* Begin XCBuildConfiguration section */
		0D6F98E92805E01400DACF9D /* Debug */ = {
			isa = XCBuildConfiguration;
			buildSettings = {
				ALWAYS_SEARCH_USER_PATHS = NO;
				CLANG_ANALYZER_NONNULL = YES;
				CLANG_ANALYZER_NUMBER_OBJECT_CONVERSION = YES_AGGRESSIVE;
				CLANG_CXX_LANGUAGE_STANDARD = "gnu++17";
				CLANG_ENABLE_MODULES = YES;
				CLANG_ENABLE_OBJC_ARC = YES;
				CLANG_ENABLE_OBJC_WEAK = YES;
				CLANG_WARN_BLOCK_CAPTURE_AUTORELEASING = YES;
				CLANG_WARN_BOOL_CONVERSION = YES;
				CLANG_WARN_COMMA = YES;
				CLANG_WARN_CONSTANT_CONVERSION = YES;
				CLANG_WARN_DEPRECATED_OBJC_IMPLEMENTATIONS = YES;
				CLANG_WARN_DIRECT_OBJC_ISA_USAGE = YES_ERROR;
				CLANG_WARN_DOCUMENTATION_COMMENTS = YES;
				CLANG_WARN_EMPTY_BODY = YES;
				CLANG_WARN_ENUM_CONVERSION = YES;
				CLANG_WARN_INFINITE_RECURSION = YES;
				CLANG_WARN_INT_CONVERSION = YES;
				CLANG_WARN_NON_LITERAL_NULL_CONVERSION = YES;
				CLANG_WARN_OBJC_IMPLICIT_RETAIN_SELF = YES;
				CLANG_WARN_OBJC_LITERAL_CONVERSION = YES;
				CLANG_WARN_OBJC_ROOT_CLASS = YES_ERROR;
				CLANG_WARN_QUOTED_INCLUDE_IN_FRAMEWORK_HEADER = YES;
				CLANG_WARN_RANGE_LOOP_ANALYSIS = YES;
				CLANG_WARN_STRICT_PROTOTYPES = YES;
				CLANG_WARN_SUSPICIOUS_MOVE = YES;
				CLANG_WARN_UNGUARDED_AVAILABILITY = YES_AGGRESSIVE;
				CLANG_WARN_UNREACHABLE_CODE = YES;
				CLANG_WARN__DUPLICATE_METHOD_MATCH = YES;
				COPY_PHASE_STRIP = NO;
				DEBUG_INFORMATION_FORMAT = dwarf;
				ENABLE_STRICT_OBJC_MSGSEND = YES;
				ENABLE_TESTABILITY = YES;
				GCC_C_LANGUAGE_STANDARD = gnu11;
				GCC_DYNAMIC_NO_PIC = NO;
				GCC_NO_COMMON_BLOCKS = YES;
				GCC_OPTIMIZATION_LEVEL = 0;
				GCC_PREPROCESSOR_DEFINITIONS = (
					"DEBUG=1",
					"$(inherited)",
				);
				GCC_WARN_64_TO_32_BIT_CONVERSION = YES;
				GCC_WARN_ABOUT_RETURN_TYPE = YES_ERROR;
				GCC_WARN_UNDECLARED_SELECTOR = YES;
				GCC_WARN_UNINITIALIZED_AUTOS = YES_AGGRESSIVE;
				GCC_WARN_UNUSED_FUNCTION = YES;
				GCC_WARN_UNUSED_VARIABLE = YES;
				IPHONEOS_DEPLOYMENT_TARGET = 15.4;
				MTL_ENABLE_DEBUG_INFO = INCLUDE_SOURCE;
				MTL_FAST_MATH = YES;
				ONLY_ACTIVE_ARCH = YES;
				SDKROOT = iphoneos;
				SWIFT_ACTIVE_COMPILATION_CONDITIONS = DEBUG;
				SWIFT_OPTIMIZATION_LEVEL = "-Onone";
			};
			name = Debug;
		};
		0D6F98EA2805E01400DACF9D /* Release */ = {
			isa = XCBuildConfiguration;
			buildSettings = {
				ALWAYS_SEARCH_USER_PATHS = NO;
				CLANG_ANALYZER_NONNULL = YES;
				CLANG_ANALYZER_NUMBER_OBJECT_CONVERSION = YES_AGGRESSIVE;
				CLANG_CXX_LANGUAGE_STANDARD = "gnu++17";
				CLANG_ENABLE_MODULES = YES;
				CLANG_ENABLE_OBJC_ARC = YES;
				CLANG_ENABLE_OBJC_WEAK = YES;
				CLANG_WARN_BLOCK_CAPTURE_AUTORELEASING = YES;
				CLANG_WARN_BOOL_CONVERSION = YES;
				CLANG_WARN_COMMA = YES;
				CLANG_WARN_CONSTANT_CONVERSION = YES;
				CLANG_WARN_DEPRECATED_OBJC_IMPLEMENTATIONS = YES;
				CLANG_WARN_DIRECT_OBJC_ISA_USAGE = YES_ERROR;
				CLANG_WARN_DOCUMENTATION_COMMENTS = YES;
				CLANG_WARN_EMPTY_BODY = YES;
				CLANG_WARN_ENUM_CONVERSION = YES;
				CLANG_WARN_INFINITE_RECURSION = YES;
				CLANG_WARN_INT_CONVERSION = YES;
				CLANG_WARN_NON_LITERAL_NULL_CONVERSION = YES;
				CLANG_WARN_OBJC_IMPLICIT_RETAIN_SELF = YES;
				CLANG_WARN_OBJC_LITERAL_CONVERSION = YES;
				CLANG_WARN_OBJC_ROOT_CLASS = YES_ERROR;
				CLANG_WARN_QUOTED_INCLUDE_IN_FRAMEWORK_HEADER = YES;
				CLANG_WARN_RANGE_LOOP_ANALYSIS = YES;
				CLANG_WARN_STRICT_PROTOTYPES = YES;
				CLANG_WARN_SUSPICIOUS_MOVE = YES;
				CLANG_WARN_UNGUARDED_AVAILABILITY = YES_AGGRESSIVE;
				CLANG_WARN_UNREACHABLE_CODE = YES;
				CLANG_WARN__DUPLICATE_METHOD_MATCH = YES;
				COPY_PHASE_STRIP = NO;
				DEBUG_INFORMATION_FORMAT = "dwarf-with-dsym";
				ENABLE_NS_ASSERTIONS = NO;
				ENABLE_STRICT_OBJC_MSGSEND = YES;
				GCC_C_LANGUAGE_STANDARD = gnu11;
				GCC_NO_COMMON_BLOCKS = YES;
				GCC_WARN_64_TO_32_BIT_CONVERSION = YES;
				GCC_WARN_ABOUT_RETURN_TYPE = YES_ERROR;
				GCC_WARN_UNDECLARED_SELECTOR = YES;
				GCC_WARN_UNINITIALIZED_AUTOS = YES_AGGRESSIVE;
				GCC_WARN_UNUSED_FUNCTION = YES;
				GCC_WARN_UNUSED_VARIABLE = YES;
				IPHONEOS_DEPLOYMENT_TARGET = 15.4;
				MTL_ENABLE_DEBUG_INFO = NO;
				MTL_FAST_MATH = YES;
				SDKROOT = iphoneos;
				SWIFT_COMPILATION_MODE = wholemodule;
				SWIFT_OPTIMIZATION_LEVEL = "-O";
				VALIDATE_PRODUCT = YES;
			};
			name = Release;
		};
		0D6F98EC2805E01400DACF9D /* Debug */ = {
			isa = XCBuildConfiguration;
			buildSettings = {
				ASSETCATALOG_COMPILER_APPICON_NAME = AppIcon;
				ASSETCATALOG_COMPILER_GLOBAL_ACCENT_COLOR_NAME = AccentColor;
				CODE_SIGN_STYLE = Automatic;
				CURRENT_PROJECT_VERSION = 1;
				GENERATE_INFOPLIST_FILE = YES;
				INFOPLIST_FILE = appPrototypeFinal/Info.plist;
				INFOPLIST_KEY_UIApplicationSupportsIndirectInputEvents = YES;
				INFOPLIST_KEY_UILaunchStoryboardName = LaunchScreen;
				INFOPLIST_KEY_UIMainStoryboardFile = Main;
				INFOPLIST_KEY_UISupportedInterfaceOrientations_iPad = "UIInterfaceOrientationPortrait UIInterfaceOrientationPortraitUpsideDown UIInterfaceOrientationLandscapeLeft UIInterfaceOrientationLandscapeRight";
				INFOPLIST_KEY_UISupportedInterfaceOrientations_iPhone = "UIInterfaceOrientationPortrait UIInterfaceOrientationLandscapeLeft UIInterfaceOrientationLandscapeRight";
				LD_RUNPATH_SEARCH_PATHS = (
					"$(inherited)",
					"@executable_path/Frameworks",
				);
				MARKETING_VERSION = 1.0;
				PRODUCT_BUNDLE_IDENTIFIER = cwi.swift.appPrototypeFinal;
				PRODUCT_NAME = "$(TARGET_NAME)";
				SWIFT_EMIT_LOC_STRINGS = YES;
				SWIFT_VERSION = 5.0;
				TARGETED_DEVICE_FAMILY = "1,2";
			};
			name = Debug;
		};
		0D6F98ED2805E01400DACF9D /* Release */ = {
			isa = XCBuildConfiguration;
			buildSettings = {
				ASSETCATALOG_COMPILER_APPICON_NAME = AppIcon;
				ASSETCATALOG_COMPILER_GLOBAL_ACCENT_COLOR_NAME = AccentColor;
				CODE_SIGN_STYLE = Automatic;
				CURRENT_PROJECT_VERSION = 1;
				GENERATE_INFOPLIST_FILE = YES;
				INFOPLIST_FILE = appPrototypeFinal/Info.plist;
				INFOPLIST_KEY_UIApplicationSupportsIndirectInputEvents = YES;
				INFOPLIST_KEY_UILaunchStoryboardName = LaunchScreen;
				INFOPLIST_KEY_UIMainStoryboardFile = Main;
				INFOPLIST_KEY_UISupportedInterfaceOrientations_iPad = "UIInterfaceOrientationPortrait UIInterfaceOrientationPortraitUpsideDown UIInterfaceOrientationLandscapeLeft UIInterfaceOrientationLandscapeRight";
				INFOPLIST_KEY_UISupportedInterfaceOrientations_iPhone = "UIInterfaceOrientationPortrait UIInterfaceOrientationLandscapeLeft UIInterfaceOrientationLandscapeRight";
				LD_RUNPATH_SEARCH_PATHS = (
					"$(inherited)",
					"@executable_path/Frameworks",
				);
				MARKETING_VERSION = 1.0;
				PRODUCT_BUNDLE_IDENTIFIER = cwi.swift.appPrototypeFinal;
				PRODUCT_NAME = "$(TARGET_NAME)";
				SWIFT_EMIT_LOC_STRINGS = YES;
				SWIFT_VERSION = 5.0;
				TARGETED_DEVICE_FAMILY = "1,2";
			};
			name = Release;
		};
/* End XCBuildConfiguration section */

/* Begin XCConfigurationList section */
		0D6F98D22805E01400DACF9D /* Build configuration list for PBXProject "appPrototypeFinal" */ = {
			isa = XCConfigurationList;
			buildConfigurations = (
				0D6F98E92805E01400DACF9D /* Debug */,
				0D6F98EA2805E01400DACF9D /* Release */,
			);
			defaultConfigurationIsVisible = 0;
			defaultConfigurationName = Release;
		};
		0D6F98EB2805E01400DACF9D /* Build configuration list for PBXNativeTarget "appPrototypeFinal" */ = {
			isa = XCConfigurationList;
			buildConfigurations = (
				0D6F98EC2805E01400DACF9D /* Debug */,
				0D6F98ED2805E01400DACF9D /* Release */,
			);
			defaultConfigurationIsVisible = 0;
			defaultConfigurationName = Release;
		};
/* End XCConfigurationList section */

/* Begin XCRemoteSwiftPackageReference section */
		0DA62A08280F1C3C003F05E4 /* XCRemoteSwiftPackageReference "CalendarKit" */ = {
			isa = XCRemoteSwiftPackageReference;
			repositoryURL = "https://github.com/richardtop/CalendarKit.git";
			requirement = {
				kind = upToNextMajorVersion;
				minimumVersion = 1.0.0;
			};
		};
/* End XCRemoteSwiftPackageReference section */

/* Begin XCSwiftPackageProductDependency section */
		0DA62A09280F1C3C003F05E4 /* CalendarKit */ = {
			isa = XCSwiftPackageProductDependency;
			package = 0DA62A08280F1C3C003F05E4 /* XCRemoteSwiftPackageReference "CalendarKit" */;
			productName = CalendarKit;
		};
/* End XCSwiftPackageProductDependency section */
	};
	rootObject = 0D6F98CF2805E01400DACF9D /* Project object */;
}
